// !$*UTF8*$!
{
	archiveVersion = 1;
	classes = {
	};
	objectVersion = 56;
	objects = {

/* Begin PBXBuildFile section */
		F9A321ED2B2A938500E7EA33 /* RegattaStartApp.swift in Sources */ = {isa = PBXBuildFile; fileRef = F9A321EC2B2A938500E7EA33 /* RegattaStartApp.swift */; };
		F9A321EF2B2A938500E7EA33 /* ContentView.swift in Sources */ = {isa = PBXBuildFile; fileRef = F9A321EE2B2A938500E7EA33 /* ContentView.swift */; };
		F9A321F12B2A938700E7EA33 /* Assets.xcassets in Resources */ = {isa = PBXBuildFile; fileRef = F9A321F02B2A938700E7EA33 /* Assets.xcassets */; };
		F9A321F52B2A938700E7EA33 /* Preview Assets.xcassets in Resources */ = {isa = PBXBuildFile; fileRef = F9A321F42B2A938700E7EA33 /* Preview Assets.xcassets */; };
		F9A321FF2B2A938700E7EA33 /* RegattaStartTests.swift in Sources */ = {isa = PBXBuildFile; fileRef = F9A321FE2B2A938700E7EA33 /* RegattaStartTests.swift */; };
		F9A322092B2A938700E7EA33 /* RegattaStartUITests.swift in Sources */ = {isa = PBXBuildFile; fileRef = F9A322082B2A938700E7EA33 /* RegattaStartUITests.swift */; };
		F9A3220B2B2A938700E7EA33 /* RegattaStartUITestsLaunchTests.swift in Sources */ = {isa = PBXBuildFile; fileRef = F9A3220A2B2A938700E7EA33 /* RegattaStartUITestsLaunchTests.swift */; };
/* End PBXBuildFile section */

/* Begin PBXContainerItemProxy section */
		F9A321FB2B2A938700E7EA33 /* PBXContainerItemProxy */ = {
			isa = PBXContainerItemProxy;
			containerPortal = F9A321E12B2A938500E7EA33 /* Project object */;
			proxyType = 1;
			remoteGlobalIDString = F9A321E82B2A938500E7EA33;
			remoteInfo = RegattaStart;
		};
		F9A322052B2A938700E7EA33 /* PBXContainerItemProxy */ = {
			isa = PBXContainerItemProxy;
			containerPortal = F9A321E12B2A938500E7EA33 /* Project object */;
			proxyType = 1;
			remoteGlobalIDString = F9A321E82B2A938500E7EA33;
			remoteInfo = RegattaStart;
		};
/* End PBXContainerItemProxy section */

/* Begin PBXFileReference section */
		B27E89732B2E495600B654E0 /* Info.plist */ = {isa = PBXFileReference; lastKnownFileType = text.plist; path = Info.plist; sourceTree = "<group>"; };
		F9A321E92B2A938500E7EA33 /* RegattaStart.app */ = {isa = PBXFileReference; explicitFileType = wrapper.application; includeInIndex = 0; path = RegattaStart.app; sourceTree = BUILT_PRODUCTS_DIR; };
		F9A321EC2B2A938500E7EA33 /* RegattaStartApp.swift */ = {isa = PBXFileReference; lastKnownFileType = sourcecode.swift; path = RegattaStartApp.swift; sourceTree = "<group>"; };
		F9A321EE2B2A938500E7EA33 /* ContentView.swift */ = {isa = PBXFileReference; lastKnownFileType = sourcecode.swift; path = ContentView.swift; sourceTree = "<group>"; };
		F9A321F02B2A938700E7EA33 /* Assets.xcassets */ = {isa = PBXFileReference; lastKnownFileType = folder.assetcatalog; path = Assets.xcassets; sourceTree = "<group>"; };
		F9A321F22B2A938700E7EA33 /* RegattaStart.entitlements */ = {isa = PBXFileReference; lastKnownFileType = text.plist.entitlements; path = RegattaStart.entitlements; sourceTree = "<group>"; };
		F9A321F42B2A938700E7EA33 /* Preview Assets.xcassets */ = {isa = PBXFileReference; lastKnownFileType = folder.assetcatalog; path = "Preview Assets.xcassets"; sourceTree = "<group>"; };
		F9A321FA2B2A938700E7EA33 /* RegattaStartTests.xctest */ = {isa = PBXFileReference; explicitFileType = wrapper.cfbundle; includeInIndex = 0; path = RegattaStartTests.xctest; sourceTree = BUILT_PRODUCTS_DIR; };
		F9A321FE2B2A938700E7EA33 /* RegattaStartTests.swift */ = {isa = PBXFileReference; lastKnownFileType = sourcecode.swift; path = RegattaStartTests.swift; sourceTree = "<group>"; };
		F9A322042B2A938700E7EA33 /* RegattaStartUITests.xctest */ = {isa = PBXFileReference; explicitFileType = wrapper.cfbundle; includeInIndex = 0; path = RegattaStartUITests.xctest; sourceTree = BUILT_PRODUCTS_DIR; };
		F9A322082B2A938700E7EA33 /* RegattaStartUITests.swift */ = {isa = PBXFileReference; lastKnownFileType = sourcecode.swift; path = RegattaStartUITests.swift; sourceTree = "<group>"; };
		F9A3220A2B2A938700E7EA33 /* RegattaStartUITestsLaunchTests.swift */ = {isa = PBXFileReference; lastKnownFileType = sourcecode.swift; path = RegattaStartUITestsLaunchTests.swift; sourceTree = "<group>"; };
/* End PBXFileReference section */

/* Begin PBXFrameworksBuildPhase section */
		F9A321E62B2A938500E7EA33 /* Frameworks */ = {
			isa = PBXFrameworksBuildPhase;
			buildActionMask = 2147483647;
			files = (
			);
			runOnlyForDeploymentPostprocessing = 0;
		};
		F9A321F72B2A938700E7EA33 /* Frameworks */ = {
			isa = PBXFrameworksBuildPhase;
			buildActionMask = 2147483647;
			files = (
			);
			runOnlyForDeploymentPostprocessing = 0;
		};
		F9A322012B2A938700E7EA33 /* Frameworks */ = {
			isa = PBXFrameworksBuildPhase;
			buildActionMask = 2147483647;
			files = (
			);
			runOnlyForDeploymentPostprocessing = 0;
		};
/* End PBXFrameworksBuildPhase section */

/* Begin PBXGroup section */
		F9A321E02B2A938500E7EA33 = {
			isa = PBXGroup;
			children = (
				F9A321EB2B2A938500E7EA33 /* RegattaStart */,
				F9A321FD2B2A938700E7EA33 /* RegattaStartTests */,
				F9A322072B2A938700E7EA33 /* RegattaStartUITests */,
				F9A321EA2B2A938500E7EA33 /* Products */,
			);
			sourceTree = "<group>";
		};
		F9A321EA2B2A938500E7EA33 /* Products */ = {
			isa = PBXGroup;
			children = (
				F9A321E92B2A938500E7EA33 /* RegattaStart.app */,
				F9A321FA2B2A938700E7EA33 /* RegattaStartTests.xctest */,
				F9A322042B2A938700E7EA33 /* RegattaStartUITests.xctest */,
			);
			name = Products;
			sourceTree = "<group>";
		};
		F9A321EB2B2A938500E7EA33 /* RegattaStart */ = {
			isa = PBXGroup;
			children = (
				B27E89732B2E495600B654E0 /* Info.plist */,
				F9A321EC2B2A938500E7EA33 /* RegattaStartApp.swift */,
				F9A321EE2B2A938500E7EA33 /* ContentView.swift */,
				F9A321F02B2A938700E7EA33 /* Assets.xcassets */,
				F9A321F22B2A938700E7EA33 /* RegattaStart.entitlements */,
				F9A321F32B2A938700E7EA33 /* Preview Content */,
			);
			path = RegattaStart;
			sourceTree = "<group>";
		};
		F9A321F32B2A938700E7EA33 /* Preview Content */ = {
			isa = PBXGroup;
			children = (
				F9A321F42B2A938700E7EA33 /* Preview Assets.xcassets */,
			);
			path = "Preview Content";
			sourceTree = "<group>";
		};
		F9A321FD2B2A938700E7EA33 /* RegattaStartTests */ = {
			isa = PBXGroup;
			children = (
				F9A321FE2B2A938700E7EA33 /* RegattaStartTests.swift */,
			);
			path = RegattaStartTests;
			sourceTree = "<group>";
		};
		F9A322072B2A938700E7EA33 /* RegattaStartUITests */ = {
			isa = PBXGroup;
			children = (
				F9A322082B2A938700E7EA33 /* RegattaStartUITests.swift */,
				F9A3220A2B2A938700E7EA33 /* RegattaStartUITestsLaunchTests.swift */,
			);
			path = RegattaStartUITests;
			sourceTree = "<group>";
		};
/* End PBXGroup section */

/* Begin PBXNativeTarget section */
		F9A321E82B2A938500E7EA33 /* RegattaStart */ = {
			isa = PBXNativeTarget;
			buildConfigurationList = F9A3220E2B2A938700E7EA33 /* Build configuration list for PBXNativeTarget "RegattaStart" */;
			buildPhases = (
				F9A321E52B2A938500E7EA33 /* Sources */,
				F9A321E62B2A938500E7EA33 /* Frameworks */,
				F9A321E72B2A938500E7EA33 /* Resources */,
			);
			buildRules = (
			);
			dependencies = (
			);
			name = RegattaStart;
			productName = RegattaStart;
			productReference = F9A321E92B2A938500E7EA33 /* RegattaStart.app */;
			productType = "com.apple.product-type.application";
		};
		F9A321F92B2A938700E7EA33 /* RegattaStartTests */ = {
			isa = PBXNativeTarget;
			buildConfigurationList = F9A322112B2A938700E7EA33 /* Build configuration list for PBXNativeTarget "RegattaStartTests" */;
			buildPhases = (
				F9A321F62B2A938700E7EA33 /* Sources */,
				F9A321F72B2A938700E7EA33 /* Frameworks */,
				F9A321F82B2A938700E7EA33 /* Resources */,
			);
			buildRules = (
			);
			dependencies = (
				F9A321FC2B2A938700E7EA33 /* PBXTargetDependency */,
			);
			name = RegattaStartTests;
			productName = RegattaStartTests;
			productReference = F9A321FA2B2A938700E7EA33 /* RegattaStartTests.xctest */;
			productType = "com.apple.product-type.bundle.unit-test";
		};
		F9A322032B2A938700E7EA33 /* RegattaStartUITests */ = {
			isa = PBXNativeTarget;
			buildConfigurationList = F9A322142B2A938700E7EA33 /* Build configuration list for PBXNativeTarget "RegattaStartUITests" */;
			buildPhases = (
				F9A322002B2A938700E7EA33 /* Sources */,
				F9A322012B2A938700E7EA33 /* Frameworks */,
				F9A322022B2A938700E7EA33 /* Resources */,
			);
			buildRules = (
			);
			dependencies = (
				F9A322062B2A938700E7EA33 /* PBXTargetDependency */,
			);
			name = RegattaStartUITests;
			productName = RegattaStartUITests;
			productReference = F9A322042B2A938700E7EA33 /* RegattaStartUITests.xctest */;
			productType = "com.apple.product-type.bundle.ui-testing";
		};
/* End PBXNativeTarget section */

/* Begin PBXProject section */
		F9A321E12B2A938500E7EA33 /* Project object */ = {
			isa = PBXProject;
			attributes = {
				BuildIndependentTargetsInParallel = 1;
				LastSwiftUpdateCheck = 1510;
				LastUpgradeCheck = 1510;
				TargetAttributes = {
					F9A321E82B2A938500E7EA33 = {
						CreatedOnToolsVersion = 15.1;
					};
					F9A321F92B2A938700E7EA33 = {
						CreatedOnToolsVersion = 15.1;
						TestTargetID = F9A321E82B2A938500E7EA33;
					};
					F9A322032B2A938700E7EA33 = {
						CreatedOnToolsVersion = 15.1;
						TestTargetID = F9A321E82B2A938500E7EA33;
					};
				};
			};
			buildConfigurationList = F9A321E42B2A938500E7EA33 /* Build configuration list for PBXProject "RegattaStart" */;
			compatibilityVersion = "Xcode 14.0";
			developmentRegion = en;
			hasScannedForEncodings = 0;
			knownRegions = (
				en,
				Base,
			);
			mainGroup = F9A321E02B2A938500E7EA33;
			productRefGroup = F9A321EA2B2A938500E7EA33 /* Products */;
			projectDirPath = "";
			projectRoot = "";
			targets = (
				F9A321E82B2A938500E7EA33 /* RegattaStart */,
				F9A321F92B2A938700E7EA33 /* RegattaStartTests */,
				F9A322032B2A938700E7EA33 /* RegattaStartUITests */,
			);
		};
/* End PBXProject section */

/* Begin PBXResourcesBuildPhase section */
		F9A321E72B2A938500E7EA33 /* Resources */ = {
			isa = PBXResourcesBuildPhase;
			buildActionMask = 2147483647;
			files = (
				F9A321F52B2A938700E7EA33 /* Preview Assets.xcassets in Resources */,
				F9A321F12B2A938700E7EA33 /* Assets.xcassets in Resources */,
			);
			runOnlyForDeploymentPostprocessing = 0;
		};
		F9A321F82B2A938700E7EA33 /* Resources */ = {
			isa = PBXResourcesBuildPhase;
			buildActionMask = 2147483647;
			files = (
			);
			runOnlyForDeploymentPostprocessing = 0;
		};
		F9A322022B2A938700E7EA33 /* Resources */ = {
			isa = PBXResourcesBuildPhase;
			buildActionMask = 2147483647;
			files = (
			);
			runOnlyForDeploymentPostprocessing = 0;
		};
/* End PBXResourcesBuildPhase section */

/* Begin PBXSourcesBuildPhase section */
		F9A321E52B2A938500E7EA33 /* Sources */ = {
			isa = PBXSourcesBuildPhase;
			buildActionMask = 2147483647;
			files = (
				F9A321EF2B2A938500E7EA33 /* ContentView.swift in Sources */,
				F9A321ED2B2A938500E7EA33 /* RegattaStartApp.swift in Sources */,
			);
			runOnlyForDeploymentPostprocessing = 0;
		};
		F9A321F62B2A938700E7EA33 /* Sources */ = {
			isa = PBXSourcesBuildPhase;
			buildActionMask = 2147483647;
			files = (
				F9A321FF2B2A938700E7EA33 /* RegattaStartTests.swift in Sources */,
			);
			runOnlyForDeploymentPostprocessing = 0;
		};
		F9A322002B2A938700E7EA33 /* Sources */ = {
			isa = PBXSourcesBuildPhase;
			buildActionMask = 2147483647;
			files = (
				F9A3220B2B2A938700E7EA33 /* RegattaStartUITestsLaunchTests.swift in Sources */,
				F9A322092B2A938700E7EA33 /* RegattaStartUITests.swift in Sources */,
			);
			runOnlyForDeploymentPostprocessing = 0;
		};
/* End PBXSourcesBuildPhase section */

/* Begin PBXTargetDependency section */
		F9A321FC2B2A938700E7EA33 /* PBXTargetDependency */ = {
			isa = PBXTargetDependency;
			target = F9A321E82B2A938500E7EA33 /* RegattaStart */;
			targetProxy = F9A321FB2B2A938700E7EA33 /* PBXContainerItemProxy */;
		};
		F9A322062B2A938700E7EA33 /* PBXTargetDependency */ = {
			isa = PBXTargetDependency;
			target = F9A321E82B2A938500E7EA33 /* RegattaStart */;
			targetProxy = F9A322052B2A938700E7EA33 /* PBXContainerItemProxy */;
		};
/* End PBXTargetDependency section */

/* Begin XCBuildConfiguration section */
		F9A3220C2B2A938700E7EA33 /* Debug */ = {
			isa = XCBuildConfiguration;
			buildSettings = {
				ALWAYS_SEARCH_USER_PATHS = NO;
				ASSETCATALOG_COMPILER_GENERATE_SWIFT_ASSET_SYMBOL_EXTENSIONS = YES;
				CLANG_ANALYZER_NONNULL = YES;
				CLANG_ANALYZER_NUMBER_OBJECT_CONVERSION = YES_AGGRESSIVE;
				CLANG_CXX_LANGUAGE_STANDARD = "gnu++20";
				CLANG_ENABLE_MODULES = YES;
				CLANG_ENABLE_OBJC_ARC = YES;
				CLANG_ENABLE_OBJC_WEAK = YES;
				CLANG_WARN_BLOCK_CAPTURE_AUTORELEASING = YES;
				CLANG_WARN_BOOL_CONVERSION = YES;
				CLANG_WARN_COMMA = YES;
				CLANG_WARN_CONSTANT_CONVERSION = YES;
				CLANG_WARN_DEPRECATED_OBJC_IMPLEMENTATIONS = YES;
				CLANG_WARN_DIRECT_OBJC_ISA_USAGE = YES_ERROR;
				CLANG_WARN_DOCUMENTATION_COMMENTS = YES;
				CLANG_WARN_EMPTY_BODY = YES;
				CLANG_WARN_ENUM_CONVERSION = YES;
				CLANG_WARN_INFINITE_RECURSION = YES;
				CLANG_WARN_INT_CONVERSION = YES;
				CLANG_WARN_NON_LITERAL_NULL_CONVERSION = YES;
				CLANG_WARN_OBJC_IMPLICIT_RETAIN_SELF = YES;
				CLANG_WARN_OBJC_LITERAL_CONVERSION = YES;
				CLANG_WARN_OBJC_ROOT_CLASS = YES_ERROR;
				CLANG_WARN_QUOTED_INCLUDE_IN_FRAMEWORK_HEADER = YES;
				CLANG_WARN_RANGE_LOOP_ANALYSIS = YES;
				CLANG_WARN_STRICT_PROTOTYPES = YES;
				CLANG_WARN_SUSPICIOUS_MOVE = YES;
				CLANG_WARN_UNGUARDED_AVAILABILITY = YES_AGGRESSIVE;
				CLANG_WARN_UNREACHABLE_CODE = YES;
				CLANG_WARN__DUPLICATE_METHOD_MATCH = YES;
				COPY_PHASE_STRIP = NO;
				DEBUG_INFORMATION_FORMAT = dwarf;
				ENABLE_STRICT_OBJC_MSGSEND = YES;
				ENABLE_TESTABILITY = YES;
				ENABLE_USER_SCRIPT_SANDBOXING = YES;
				GCC_C_LANGUAGE_STANDARD = gnu17;
				GCC_DYNAMIC_NO_PIC = NO;
				GCC_NO_COMMON_BLOCKS = YES;
				GCC_OPTIMIZATION_LEVEL = 0;
				GCC_PREPROCESSOR_DEFINITIONS = (
					"DEBUG=1",
					"$(inherited)",
				);
				GCC_WARN_64_TO_32_BIT_CONVERSION = YES;
				GCC_WARN_ABOUT_RETURN_TYPE = YES_ERROR;
				GCC_WARN_UNDECLARED_SELECTOR = YES;
				GCC_WARN_UNINITIALIZED_AUTOS = YES_AGGRESSIVE;
				GCC_WARN_UNUSED_FUNCTION = YES;
				GCC_WARN_UNUSED_VARIABLE = YES;
				IPHONEOS_DEPLOYMENT_TARGET = 14.0;
				LOCALIZATION_PREFERS_STRING_CATALOGS = YES;
				MACOSX_DEPLOYMENT_TARGET = "$(RECOMMENDED_MACOSX_DEPLOYMENT_TARGET)";
				MTL_ENABLE_DEBUG_INFO = INCLUDE_SOURCE;
				MTL_FAST_MATH = YES;
				ONLY_ACTIVE_ARCH = YES;
				SWIFT_ACTIVE_COMPILATION_CONDITIONS = "DEBUG $(inherited)";
				SWIFT_OPTIMIZATION_LEVEL = "-Onone";
			};
			name = Debug;
		};
		F9A3220D2B2A938700E7EA33 /* Release */ = {
			isa = XCBuildConfiguration;
			buildSettings = {
				ALWAYS_SEARCH_USER_PATHS = NO;
				ASSETCATALOG_COMPILER_GENERATE_SWIFT_ASSET_SYMBOL_EXTENSIONS = YES;
				CLANG_ANALYZER_NONNULL = YES;
				CLANG_ANALYZER_NUMBER_OBJECT_CONVERSION = YES_AGGRESSIVE;
				CLANG_CXX_LANGUAGE_STANDARD = "gnu++20";
				CLANG_ENABLE_MODULES = YES;
				CLANG_ENABLE_OBJC_ARC = YES;
				CLANG_ENABLE_OBJC_WEAK = YES;
				CLANG_WARN_BLOCK_CAPTURE_AUTORELEASING = YES;
				CLANG_WARN_BOOL_CONVERSION = YES;
				CLANG_WARN_COMMA = YES;
				CLANG_WARN_CONSTANT_CONVERSION = YES;
				CLANG_WARN_DEPRECATED_OBJC_IMPLEMENTATIONS = YES;
				CLANG_WARN_DIRECT_OBJC_ISA_USAGE = YES_ERROR;
				CLANG_WARN_DOCUMENTATION_COMMENTS = YES;
				CLANG_WARN_EMPTY_BODY = YES;
				CLANG_WARN_ENUM_CONVERSION = YES;
				CLANG_WARN_INFINITE_RECURSION = YES;
				CLANG_WARN_INT_CONVERSION = YES;
				CLANG_WARN_NON_LITERAL_NULL_CONVERSION = YES;
				CLANG_WARN_OBJC_IMPLICIT_RETAIN_SELF = YES;
				CLANG_WARN_OBJC_LITERAL_CONVERSION = YES;
				CLANG_WARN_OBJC_ROOT_CLASS = YES_ERROR;
				CLANG_WARN_QUOTED_INCLUDE_IN_FRAMEWORK_HEADER = YES;
				CLANG_WARN_RANGE_LOOP_ANALYSIS = YES;
				CLANG_WARN_STRICT_PROTOTYPES = YES;
				CLANG_WARN_SUSPICIOUS_MOVE = YES;
				CLANG_WARN_UNGUARDED_AVAILABILITY = YES_AGGRESSIVE;
				CLANG_WARN_UNREACHABLE_CODE = YES;
				CLANG_WARN__DUPLICATE_METHOD_MATCH = YES;
				COPY_PHASE_STRIP = NO;
				DEBUG_INFORMATION_FORMAT = "dwarf-with-dsym";
				ENABLE_NS_ASSERTIONS = NO;
				ENABLE_STRICT_OBJC_MSGSEND = YES;
				ENABLE_USER_SCRIPT_SANDBOXING = YES;
				GCC_C_LANGUAGE_STANDARD = gnu17;
				GCC_NO_COMMON_BLOCKS = YES;
				GCC_WARN_64_TO_32_BIT_CONVERSION = YES;
				GCC_WARN_ABOUT_RETURN_TYPE = YES_ERROR;
				GCC_WARN_UNDECLARED_SELECTOR = YES;
				GCC_WARN_UNINITIALIZED_AUTOS = YES_AGGRESSIVE;
				GCC_WARN_UNUSED_FUNCTION = YES;
				GCC_WARN_UNUSED_VARIABLE = YES;
				IPHONEOS_DEPLOYMENT_TARGET = 14.0;
				LOCALIZATION_PREFERS_STRING_CATALOGS = YES;
				MACOSX_DEPLOYMENT_TARGET = "$(RECOMMENDED_MACOSX_DEPLOYMENT_TARGET)";
				MTL_ENABLE_DEBUG_INFO = NO;
				MTL_FAST_MATH = YES;
				SWIFT_COMPILATION_MODE = wholemodule;
			};
			name = Release;
		};
		F9A3220F2B2A938700E7EA33 /* Debug */ = {
			isa = XCBuildConfiguration;
			buildSettings = {
				ASSETCATALOG_COMPILER_APPICON_NAME = AppIcon;
				ASSETCATALOG_COMPILER_GLOBAL_ACCENT_COLOR_NAME = AccentColor;
				CODE_SIGN_ENTITLEMENTS = RegattaStart/RegattaStart.entitlements;
				CODE_SIGN_STYLE = Automatic;
				CURRENT_PROJECT_VERSION = 1;
				DEVELOPMENT_ASSET_PATHS = "\"RegattaStart/Preview Content\"";
				DEVELOPMENT_TEAM = 96U6VR9ZUH;
				ENABLE_HARDENED_RUNTIME = YES;
				ENABLE_PREVIEWS = YES;
				GENERATE_INFOPLIST_FILE = YES;
				INFOPLIST_FILE = RegattaStart/Info.plist;
				INFOPLIST_KEY_LSApplicationCategoryType = "public.app-category.sports";
				"INFOPLIST_KEY_UIApplicationSceneManifest_Generation[sdk=iphoneos*]" = YES;
				"INFOPLIST_KEY_UIApplicationSceneManifest_Generation[sdk=iphonesimulator*]" = YES;
				"INFOPLIST_KEY_UIApplicationSupportsIndirectInputEvents[sdk=iphoneos*]" = YES;
				"INFOPLIST_KEY_UIApplicationSupportsIndirectInputEvents[sdk=iphonesimulator*]" = YES;
				"INFOPLIST_KEY_UILaunchScreen_Generation[sdk=iphoneos*]" = YES;
				"INFOPLIST_KEY_UILaunchScreen_Generation[sdk=iphonesimulator*]" = YES;
				"INFOPLIST_KEY_UIStatusBarStyle[sdk=iphoneos*]" = UIStatusBarStyleDefault;
				"INFOPLIST_KEY_UIStatusBarStyle[sdk=iphonesimulator*]" = UIStatusBarStyleDefault;
				INFOPLIST_KEY_UISupportedInterfaceOrientations_iPad = "UIInterfaceOrientationPortrait UIInterfaceOrientationPortraitUpsideDown UIInterfaceOrientationLandscapeLeft UIInterfaceOrientationLandscapeRight";
				INFOPLIST_KEY_UISupportedInterfaceOrientations_iPhone = "UIInterfaceOrientationPortrait UIInterfaceOrientationLandscapeLeft UIInterfaceOrientationLandscapeRight";
				IPHONEOS_DEPLOYMENT_TARGET = 17.1;
				LD_RUNPATH_SEARCH_PATHS = "@executable_path/Frameworks";
				"LD_RUNPATH_SEARCH_PATHS[sdk=macosx*]" = "@executable_path/../Frameworks";
				MACOSX_DEPLOYMENT_TARGET = 14.0;
				MARKETING_VERSION = 1.0;
				PRODUCT_BUNDLE_IDENTIFIER = com.flanny.RegattaStart;
				PRODUCT_NAME = "$(TARGET_NAME)";
				SDKROOT = auto;
				SUPPORTED_PLATFORMS = "iphonesimulator iphoneos";
				SWIFT_EMIT_LOC_STRINGS = YES;
				SWIFT_VERSION = 5.0;
				TARGETED_DEVICE_FAMILY = "1,2";
			};
			name = Debug;
		};
		F9A322102B2A938700E7EA33 /* Release */ = {
			isa = XCBuildConfiguration;
			buildSettings = {
				ASSETCATALOG_COMPILER_APPICON_NAME = AppIcon;
				ASSETCATALOG_COMPILER_GLOBAL_ACCENT_COLOR_NAME = AccentColor;
				CODE_SIGN_ENTITLEMENTS = RegattaStart/RegattaStart.entitlements;
				CODE_SIGN_STYLE = Automatic;
				CURRENT_PROJECT_VERSION = 1;
				DEVELOPMENT_ASSET_PATHS = "\"RegattaStart/Preview Content\"";
				DEVELOPMENT_TEAM = 96U6VR9ZUH;
				ENABLE_HARDENED_RUNTIME = YES;
				ENABLE_PREVIEWS = YES;
				GENERATE_INFOPLIST_FILE = YES;
				INFOPLIST_FILE = RegattaStart/Info.plist;
				INFOPLIST_KEY_LSApplicationCategoryType = "public.app-category.sports";
				"INFOPLIST_KEY_UIApplicationSceneManifest_Generation[sdk=iphoneos*]" = YES;
				"INFOPLIST_KEY_UIApplicationSceneManifest_Generation[sdk=iphonesimulator*]" = YES;
				"INFOPLIST_KEY_UIApplicationSupportsIndirectInputEvents[sdk=iphoneos*]" = YES;
				"INFOPLIST_KEY_UIApplicationSupportsIndirectInputEvents[sdk=iphonesimulator*]" = YES;
				"INFOPLIST_KEY_UILaunchScreen_Generation[sdk=iphoneos*]" = YES;
				"INFOPLIST_KEY_UILaunchScreen_Generation[sdk=iphonesimulator*]" = YES;
				"INFOPLIST_KEY_UIStatusBarStyle[sdk=iphoneos*]" = UIStatusBarStyleDefault;
				"INFOPLIST_KEY_UIStatusBarStyle[sdk=iphonesimulator*]" = UIStatusBarStyleDefault;
				INFOPLIST_KEY_UISupportedInterfaceOrientations_iPad = "UIInterfaceOrientationPortrait UIInterfaceOrientationPortraitUpsideDown UIInterfaceOrientationLandscapeLeft UIInterfaceOrientationLandscapeRight";
				INFOPLIST_KEY_UISupportedInterfaceOrientations_iPhone = "UIInterfaceOrientationPortrait UIInterfaceOrientationLandscapeLeft UIInterfaceOrientationLandscapeRight";
				IPHONEOS_DEPLOYMENT_TARGET = 17.1;
				LD_RUNPATH_SEARCH_PATHS = "@executable_path/Frameworks";
				"LD_RUNPATH_SEARCH_PATHS[sdk=macosx*]" = "@executable_path/../Frameworks";
				MACOSX_DEPLOYMENT_TARGET = 14.0;
				MARKETING_VERSION = 1.0;
				PRODUCT_BUNDLE_IDENTIFIER = com.flanny.RegattaStart;
				PRODUCT_NAME = "$(TARGET_NAME)";
				SDKROOT = auto;
				SUPPORTED_PLATFORMS = "iphonesimulator iphoneos";
				SWIFT_EMIT_LOC_STRINGS = YES;
				SWIFT_VERSION = 5.0;
				TARGETED_DEVICE_FAMILY = "1,2";
			};
			name = Release;
		};
		F9A322122B2A938700E7EA33 /* Debug */ = {
			isa = XCBuildConfiguration;
			buildSettings = {
				ALWAYS_EMBED_SWIFT_STANDARD_LIBRARIES = YES;
				BUNDLE_LOADER = "$(TEST_HOST)";
				CODE_SIGN_STYLE = Automatic;
				CURRENT_PROJECT_VERSION = 1;
				DEVELOPMENT_TEAM = "";
				GENERATE_INFOPLIST_FILE = YES;
				IPHONEOS_DEPLOYMENT_TARGET = 17.1;
				MACOSX_DEPLOYMENT_TARGET = 14.0;
				MARKETING_VERSION = 1.0;
				PRODUCT_BUNDLE_IDENTIFIER = com.flanny.RegattaStartTests;
				PRODUCT_NAME = "$(TARGET_NAME)";
				SDKROOT = auto;
				SUPPORTED_PLATFORMS = "iphoneos iphonesimulator macosx";
				SWIFT_EMIT_LOC_STRINGS = NO;
				SWIFT_VERSION = 5.0;
				TARGETED_DEVICE_FAMILY = "1,2";
				TEST_HOST = "$(BUILT_PRODUCTS_DIR)/RegattaStart.app/$(BUNDLE_EXECUTABLE_FOLDER_PATH)/RegattaStart";
			};
			name = Debug;
		};
		F9A322132B2A938700E7EA33 /* Release */ = {
			isa = XCBuildConfiguration;
			buildSettings = {
				ALWAYS_EMBED_SWIFT_STANDARD_LIBRARIES = YES;
				BUNDLE_LOADER = "$(TEST_HOST)";
				CODE_SIGN_STYLE = Automatic;
				CURRENT_PROJECT_VERSION = 1;
				DEVELOPMENT_TEAM = "";
				GENERATE_INFOPLIST_FILE = YES;
				IPHONEOS_DEPLOYMENT_TARGET = 17.1;
				MACOSX_DEPLOYMENT_TARGET = 14.0;
				MARKETING_VERSION = 1.0;
				PRODUCT_BUNDLE_IDENTIFIER = com.flanny.RegattaStartTests;
				PRODUCT_NAME = "$(TARGET_NAME)";
				SDKROOT = auto;
				SUPPORTED_PLATFORMS = "iphoneos iphonesimulator macosx";
				SWIFT_EMIT_LOC_STRINGS = NO;
				SWIFT_VERSION = 5.0;
				TARGETED_DEVICE_FAMILY = "1,2";
				TEST_HOST = "$(BUILT_PRODUCTS_DIR)/RegattaStart.app/$(BUNDLE_EXECUTABLE_FOLDER_PATH)/RegattaStart";
			};
			name = Release;
		};
		F9A322152B2A938700E7EA33 /* Debug */ = {
			isa = XCBuildConfiguration;
			buildSettings = {
				ALWAYS_EMBED_SWIFT_STANDARD_LIBRARIES = YES;
				CODE_SIGN_STYLE = Automatic;
				CURRENT_PROJECT_VERSION = 1;
				DEVELOPMENT_TEAM = "";
				GENERATE_INFOPLIST_FILE = YES;
				IPHONEOS_DEPLOYMENT_TARGET = 17.1;
				MACOSX_DEPLOYMENT_TARGET = 14.0;
				MARKETING_VERSION = 1.0;
				PRODUCT_BUNDLE_IDENTIFIER = com.flanny.RegattaStartUITests;
				PRODUCT_NAME = "$(TARGET_NAME)";
				SDKROOT = auto;
				SUPPORTED_PLATFORMS = "iphoneos iphonesimulator macosx";
				SWIFT_EMIT_LOC_STRINGS = NO;
				SWIFT_VERSION = 5.0;
				TARGETED_DEVICE_FAMILY = "1,2";
				TEST_TARGET_NAME = RegattaStart;
			};
			name = Debug;
		};
		F9A322162B2A938700E7EA33 /* Release */ = {
			isa = XCBuildConfiguration;
			buildSettings = {
				ALWAYS_EMBED_SWIFT_STANDARD_LIBRARIES = YES;
				CODE_SIGN_STYLE = Automatic;
				CURRENT_PROJECT_VERSION = 1;
				DEVELOPMENT_TEAM = "";
				GENERATE_INFOPLIST_FILE = YES;
				IPHONEOS_DEPLOYMENT_TARGET = 17.1;
				MACOSX_DEPLOYMENT_TARGET = 14.0;
				MARKETING_VERSION = 1.0;
				PRODUCT_BUNDLE_IDENTIFIER = com.flanny.RegattaStartUITests;
				PRODUCT_NAME = "$(TARGET_NAME)";
				SDKROOT = auto;
				SUPPORTED_PLATFORMS = "iphoneos iphonesimulator macosx";
				SWIFT_EMIT_LOC_STRINGS = NO;
				SWIFT_VERSION = 5.0;
				TARGETED_DEVICE_FAMILY = "1,2";
				TEST_TARGET_NAME = RegattaStart;
			};
			name = Release;
		};
/* End XCBuildConfiguration section */

/* Begin XCConfigurationList section */
		F9A321E42B2A938500E7EA33 /* Build configuration list for PBXProject "RegattaStart" */ = {
			isa = XCConfigurationList;
			buildConfigurations = (
				F9A3220C2B2A938700E7EA33 /* Debug */,
				F9A3220D2B2A938700E7EA33 /* Release */,
			);
			defaultConfigurationIsVisible = 0;
			defaultConfigurationName = Release;
		};
		F9A3220E2B2A938700E7EA33 /* Build configuration list for PBXNativeTarget "RegattaStart" */ = {
			isa = XCConfigurationList;
			buildConfigurations = (
				F9A3220F2B2A938700E7EA33 /* Debug */,
				F9A322102B2A938700E7EA33 /* Release */,
			);
			defaultConfigurationIsVisible = 0;
			defaultConfigurationName = Release;
		};
		F9A322112B2A938700E7EA33 /* Build configuration list for PBXNativeTarget "RegattaStartTests" */ = {
			isa = XCConfigurationList;
			buildConfigurations = (
				F9A322122B2A938700E7EA33 /* Debug */,
				F9A322132B2A938700E7EA33 /* Release */,
			);
			defaultConfigurationIsVisible = 0;
			defaultConfigurationName = Release;
		};
		F9A322142B2A938700E7EA33 /* Build configuration list for PBXNativeTarget "RegattaStartUITests" */ = {
			isa = XCConfigurationList;
			buildConfigurations = (
				F9A322152B2A938700E7EA33 /* Debug */,
				F9A322162B2A938700E7EA33 /* Release */,
			);
			defaultConfigurationIsVisible = 0;
			defaultConfigurationName = Release;
		};
/* End XCConfigurationList section */
	};
	rootObject = F9A321E12B2A938500E7EA33 /* Project object */;
}
